{
    "name": "investira.react",
    "version": "1.0.0",
    "lockfileVersion": 1,
    "requires": true,
    "dependencies": {
        "investira.sdk": {
            "version": "file:../investira.sdk",
            "requires": {
                "axios": "0.18.0",
                "moment": "2.24.0"
            }
        }
    }
}
