{
    "name": "investira.react",
    "version": "1.0.0",
    "lockfileVersion": 1,
    "requires": true,
    "dependencies": {
        "investira.sdk": {
            "version": "file:../investira.sdk",
            "dev": true,
            "requires": {
                "@mysql/xdevapi": "^8.0.15",
                "@types/node": "^11.9.4",
                "axios": "^0.18.0",
                "bcrypt": "^3.0.4",
                "on-finished": "^2.3.0",
                "winston": "^3.2.1"
            }
        }
    }
}
